
Microsoft Visual Studio Solution File, Format Version 12.00
# Visual Studio Version 17
VisualStudioVersion = 17.0.32126.317
MinimumVisualStudioVersion = 10.0.40219.1
Project("{FAE04EC0-301F-11D3-BF4B-00C04F79EFBC}") = "WPFProject", "WPFProject\WPFProject.csproj", "{A0857B38-D3C3-47F6-9A6E-466CE274687E}"
EndProject
Global
	GlobalSection(SolutionConfigurationPlatforms) = preSolution
		Debug|Any CPU = Debug|Any CPU
		Release|Any CPU = Release|Any CPU
	EndGlobalSection
	GlobalSection(ProjectConfigurationPlatforms) = postSolution
		{A0857B38-D3C3-47F6-9A6E-466CE274687E}.Debug|Any CPU.ActiveCfg = Debug|Any CPU
		{A0857B38-D3C3-47F6-9A6E-466CE274687E}.Debug|Any CPU.Build.0 = Debug|Any CPU
		{A0857B38-D3C3-47F6-9A6E-466CE274687E}.Release|Any CPU.ActiveCfg = Release|Any CPU
		{A0857B38-D3C3-47F6-9A6E-466CE274687E}.Release|Any CPU.Build.0 = Release|Any CPU
	EndGlobalSection
	GlobalSection(SolutionProperties) = preSolution
		HideSolutionNode = FALSE
	EndGlobalSection
	GlobalSection(ExtensibilityGlobals) = postSolution
		SolutionGuid = {085B74BA-E3A6-4FE8-BD8B-01095E8D1DC6}
	EndGlobalSection
EndGlobal
